
Microsoft Visual Studio Solution File, Format Version 12.00
# Visual Studio Version 17
VisualStudioVersion = 17.3.32929.385
MinimumVisualStudioVersion = 10.0.40219.1
Project("{2150E333-8FDC-42A3-9474-1A3956D46DE8}") = "Game", "Game", "{AA21907E-119C-4623-AB5C-9C3C2709A9AD}"
EndProject
Project("{9A19103F-16F7-4668-BE54-9A1E7A4F7556}") = "Pokemon2022.Game", "Pokemon2022.Game\Pokemon2022.Game.csproj", "{778E3A57-BF74-42EF-8F05-FF1C71DE8EEC}"
EndProject
Project("{9A19103F-16F7-4668-BE54-9A1E7A4F7556}") = "Pokemon2022.Console", "Pokemon2022.Console\Pokemon2022.Console.csproj", "{B5D5000E-2AD0-439B-BCA8-F0CB9D281314}"
EndProject
Project("{9A19103F-16F7-4668-BE54-9A1E7A4F7556}") = "Pokemon2022.FileWrite", "Pokemon2022.FileWrite\Pokemon2022.FileWrite.csproj", "{015A98CE-DD10-49FC-85D7-4297E7110249}"
EndProject
Project("{9A19103F-16F7-4668-BE54-9A1E7A4F7556}") = "Pokemon2022.UI", "Pokemon2022.UI\Pokemon2022.UI.csproj", "{B3A1C601-7099-4A78-B6C1-C319B869C336}"
EndProject
Project("{9A19103F-16F7-4668-BE54-9A1E7A4F7556}") = "Pokemon2022.BattleUI", "Pokemon2022.BattleUI\Pokemon2022.BattleUI.csproj", "{657A29A5-797A-4A5F-A221-CD8447E686C6}"
EndProject
Project("{FAE04EC0-301F-11D3-BF4B-00C04F79EFBC}") = "Pokemon2022.GameUI", "Pokemon2022.GameUI\Pokemon2022.GameUI.csproj", "{D01CDBB1-E928-417D-BD89-774B8AFFF252}"
EndProject
Global
	GlobalSection(SolutionConfigurationPlatforms) = preSolution
		Debug|Any CPU = Debug|Any CPU
		Release|Any CPU = Release|Any CPU
	EndGlobalSection
	GlobalSection(ProjectConfigurationPlatforms) = postSolution
		{778E3A57-BF74-42EF-8F05-FF1C71DE8EEC}.Debug|Any CPU.ActiveCfg = Debug|Any CPU
		{778E3A57-BF74-42EF-8F05-FF1C71DE8EEC}.Debug|Any CPU.Build.0 = Debug|Any CPU
		{778E3A57-BF74-42EF-8F05-FF1C71DE8EEC}.Release|Any CPU.ActiveCfg = Release|Any CPU
		{778E3A57-BF74-42EF-8F05-FF1C71DE8EEC}.Release|Any CPU.Build.0 = Release|Any CPU
		{B5D5000E-2AD0-439B-BCA8-F0CB9D281314}.Debug|Any CPU.ActiveCfg = Debug|Any CPU
		{B5D5000E-2AD0-439B-BCA8-F0CB9D281314}.Debug|Any CPU.Build.0 = Debug|Any CPU
		{B5D5000E-2AD0-439B-BCA8-F0CB9D281314}.Release|Any CPU.ActiveCfg = Release|Any CPU
		{B5D5000E-2AD0-439B-BCA8-F0CB9D281314}.Release|Any CPU.Build.0 = Release|Any CPU
		{015A98CE-DD10-49FC-85D7-4297E7110249}.Debug|Any CPU.ActiveCfg = Debug|Any CPU
		{015A98CE-DD10-49FC-85D7-4297E7110249}.Debug|Any CPU.Build.0 = Debug|Any CPU
		{015A98CE-DD10-49FC-85D7-4297E7110249}.Release|Any CPU.ActiveCfg = Release|Any CPU
		{015A98CE-DD10-49FC-85D7-4297E7110249}.Release|Any CPU.Build.0 = Release|Any CPU
		{B3A1C601-7099-4A78-B6C1-C319B869C336}.Debug|Any CPU.ActiveCfg = Debug|Any CPU
		{B3A1C601-7099-4A78-B6C1-C319B869C336}.Debug|Any CPU.Build.0 = Debug|Any CPU
		{B3A1C601-7099-4A78-B6C1-C319B869C336}.Release|Any CPU.ActiveCfg = Release|Any CPU
		{B3A1C601-7099-4A78-B6C1-C319B869C336}.Release|Any CPU.Build.0 = Release|Any CPU
		{657A29A5-797A-4A5F-A221-CD8447E686C6}.Debug|Any CPU.ActiveCfg = Debug|Any CPU
		{657A29A5-797A-4A5F-A221-CD8447E686C6}.Debug|Any CPU.Build.0 = Debug|Any CPU
		{657A29A5-797A-4A5F-A221-CD8447E686C6}.Release|Any CPU.ActiveCfg = Release|Any CPU
		{657A29A5-797A-4A5F-A221-CD8447E686C6}.Release|Any CPU.Build.0 = Release|Any CPU
		{D01CDBB1-E928-417D-BD89-774B8AFFF252}.Debug|Any CPU.ActiveCfg = Debug|Any CPU
		{D01CDBB1-E928-417D-BD89-774B8AFFF252}.Debug|Any CPU.Build.0 = Debug|Any CPU
		{D01CDBB1-E928-417D-BD89-774B8AFFF252}.Release|Any CPU.ActiveCfg = Release|Any CPU
		{D01CDBB1-E928-417D-BD89-774B8AFFF252}.Release|Any CPU.Build.0 = Release|Any CPU
	EndGlobalSection
	GlobalSection(SolutionProperties) = preSolution
		HideSolutionNode = FALSE
	EndGlobalSection
	GlobalSection(NestedProjects) = preSolution
		{778E3A57-BF74-42EF-8F05-FF1C71DE8EEC} = {AA21907E-119C-4623-AB5C-9C3C2709A9AD}
		{B5D5000E-2AD0-439B-BCA8-F0CB9D281314} = {AA21907E-119C-4623-AB5C-9C3C2709A9AD}
		{015A98CE-DD10-49FC-85D7-4297E7110249} = {AA21907E-119C-4623-AB5C-9C3C2709A9AD}
		{B3A1C601-7099-4A78-B6C1-C319B869C336} = {AA21907E-119C-4623-AB5C-9C3C2709A9AD}
		{657A29A5-797A-4A5F-A221-CD8447E686C6} = {AA21907E-119C-4623-AB5C-9C3C2709A9AD}
		{D01CDBB1-E928-417D-BD89-774B8AFFF252} = {AA21907E-119C-4623-AB5C-9C3C2709A9AD}
	EndGlobalSection
	GlobalSection(ExtensibilityGlobals) = postSolution
		SolutionGuid = {E02D425E-CFAA-4089-AD4F-A65065D4A99B}
	EndGlobalSection
EndGlobal
